
Microsoft Visual Studio Solution File, Format Version 12.00
# Visual Studio 15
VisualStudioVersion = 15.0.28307.421
MinimumVisualStudioVersion = 10.0.40219.1
Project("{FAE04EC0-301F-11D3-BF4B-00C04F79EFBC}") = "TextFileJoiner", "TextFileJoiner\TextFileJoiner.csproj", "{B353767C-8790-406C-8887-9F9156BAA75D}"
EndProject
Global
	GlobalSection(SolutionConfigurationPlatforms) = preSolution
		Debug|Any CPU = Debug|Any CPU
		Release|Any CPU = Release|Any CPU
	EndGlobalSection
	GlobalSection(ProjectConfigurationPlatforms) = postSolution
		{B353767C-8790-406C-8887-9F9156BAA75D}.Debug|Any CPU.ActiveCfg = Debug|Any CPU
		{B353767C-8790-406C-8887-9F9156BAA75D}.Debug|Any CPU.Build.0 = Debug|Any CPU
		{B353767C-8790-406C-8887-9F9156BAA75D}.Release|Any CPU.ActiveCfg = Release|Any CPU
		{B353767C-8790-406C-8887-9F9156BAA75D}.Release|Any CPU.Build.0 = Release|Any CPU
	EndGlobalSection
	GlobalSection(SolutionProperties) = preSolution
		HideSolutionNode = FALSE
	EndGlobalSection
	GlobalSection(ExtensibilityGlobals) = postSolution
		SolutionGuid = {28C7CAAB-3A1F-403E-93CB-806FEC4F7D05}
	EndGlobalSection
EndGlobal
